
Microsoft Visual Studio Solution File, Format Version 12.00
# Visual Studio Version 17
VisualStudioVersion = 17.9.34616.47
MinimumVisualStudioVersion = 10.0.40219.1
Project("{FAE04EC0-301F-11D3-BF4B-00C04F79EFBC}") = "PracticawebAPI2", "PracticawebAPI2\PracticawebAPI2.csproj", "{0D1A3FF8-12D3-4FAF-A4AD-DB5094E9E030}"
EndProject
Global
	GlobalSection(SolutionConfigurationPlatforms) = preSolution
		Debug|Any CPU = Debug|Any CPU
		Release|Any CPU = Release|Any CPU
	EndGlobalSection
	GlobalSection(ProjectConfigurationPlatforms) = postSolution
		{0D1A3FF8-12D3-4FAF-A4AD-DB5094E9E030}.Debug|Any CPU.ActiveCfg = Debug|Any CPU
		{0D1A3FF8-12D3-4FAF-A4AD-DB5094E9E030}.Debug|Any CPU.Build.0 = Debug|Any CPU
		{0D1A3FF8-12D3-4FAF-A4AD-DB5094E9E030}.Release|Any CPU.ActiveCfg = Release|Any CPU
		{0D1A3FF8-12D3-4FAF-A4AD-DB5094E9E030}.Release|Any CPU.Build.0 = Release|Any CPU
	EndGlobalSection
	GlobalSection(SolutionProperties) = preSolution
		HideSolutionNode = FALSE
	EndGlobalSection
	GlobalSection(ExtensibilityGlobals) = postSolution
		SolutionGuid = {3E883350-AA24-4CC7-9161-69A653BDE465}
	EndGlobalSection
EndGlobal
